
Microsoft Visual Studio Solution File, Format Version 12.00
# Visual Studio Version 17
VisualStudioVersion = 17.10.35013.160
MinimumVisualStudioVersion = 10.0.40219.1
Project("{54A90642-561A-4BB1-A94E-469ADEE60C69}") = "Wuno.Client", "wuno.client\Wuno.Client.esproj", "{E481FACD-A1BC-4AD2-AE26-867E10C629CD}"
EndProject
Project("{9A19103F-16F7-4668-BE54-9A1E7A4F7556}") = "Wuno.Domain", "wuno.domain\Wuno.Domain.csproj", "{0A5C41E2-A23B-423E-AF14-75D0EAE34BE7}"
EndProject
Project("{9A19103F-16F7-4668-BE54-9A1E7A4F7556}") = "Wuno.Application", "wuno.application\Wuno.Application.csproj", "{0B0B497C-DC63-48D3-81F6-B3EDD007139E}"
	ProjectSection(ProjectDependencies) = postProject
		{0A5C41E2-A23B-423E-AF14-75D0EAE34BE7} = {0A5C41E2-A23B-423E-AF14-75D0EAE34BE7}
		{76915AF7-58B8-4029-B3BD-E0D25C43066C} = {76915AF7-58B8-4029-B3BD-E0D25C43066C}
	EndProjectSection
EndProject
Project("{9A19103F-16F7-4668-BE54-9A1E7A4F7556}") = "Wuno.Infrastructure", "wuno.infrastructure\Wuno.Infrastructure.csproj", "{76915AF7-58B8-4029-B3BD-E0D25C43066C}"
	ProjectSection(ProjectDependencies) = postProject
		{0A5C41E2-A23B-423E-AF14-75D0EAE34BE7} = {0A5C41E2-A23B-423E-AF14-75D0EAE34BE7}
	EndProjectSection
EndProject
Project("{9A19103F-16F7-4668-BE54-9A1E7A4F7556}") = "Wuno.Api", "wuno.api\Wuno.Api.csproj", "{ADDCCA6C-1D69-4D47-85D3-6C809528293E}"
	ProjectSection(ProjectDependencies) = postProject
		{0B0B497C-DC63-48D3-81F6-B3EDD007139E} = {0B0B497C-DC63-48D3-81F6-B3EDD007139E}
		{76915AF7-58B8-4029-B3BD-E0D25C43066C} = {76915AF7-58B8-4029-B3BD-E0D25C43066C}
	EndProjectSection
EndProject
Project("{2150E333-8FDC-42A3-9474-1A3956D46DE8}") = "Solution Items", "Solution Items", "{EF144D82-799A-41EC-838C-FDF77AA08815}"
	ProjectSection(SolutionItems) = preProject
		todo.txt = todo.txt
	EndProjectSection
EndProject
Global
	GlobalSection(SolutionConfigurationPlatforms) = preSolution
		Debug|Any CPU = Debug|Any CPU
		Release|Any CPU = Release|Any CPU
	EndGlobalSection
	GlobalSection(ProjectConfigurationPlatforms) = postSolution
		{E481FACD-A1BC-4AD2-AE26-867E10C629CD}.Debug|Any CPU.ActiveCfg = Debug|Any CPU
		{E481FACD-A1BC-4AD2-AE26-867E10C629CD}.Debug|Any CPU.Build.0 = Debug|Any CPU
		{E481FACD-A1BC-4AD2-AE26-867E10C629CD}.Debug|Any CPU.Deploy.0 = Debug|Any CPU
		{E481FACD-A1BC-4AD2-AE26-867E10C629CD}.Release|Any CPU.ActiveCfg = Release|Any CPU
		{E481FACD-A1BC-4AD2-AE26-867E10C629CD}.Release|Any CPU.Build.0 = Release|Any CPU
		{E481FACD-A1BC-4AD2-AE26-867E10C629CD}.Release|Any CPU.Deploy.0 = Release|Any CPU
		{0A5C41E2-A23B-423E-AF14-75D0EAE34BE7}.Debug|Any CPU.ActiveCfg = Debug|Any CPU
		{0A5C41E2-A23B-423E-AF14-75D0EAE34BE7}.Debug|Any CPU.Build.0 = Debug|Any CPU
		{0A5C41E2-A23B-423E-AF14-75D0EAE34BE7}.Release|Any CPU.ActiveCfg = Release|Any CPU
		{0A5C41E2-A23B-423E-AF14-75D0EAE34BE7}.Release|Any CPU.Build.0 = Release|Any CPU
		{0B0B497C-DC63-48D3-81F6-B3EDD007139E}.Debug|Any CPU.ActiveCfg = Debug|Any CPU
		{0B0B497C-DC63-48D3-81F6-B3EDD007139E}.Debug|Any CPU.Build.0 = Debug|Any CPU
		{0B0B497C-DC63-48D3-81F6-B3EDD007139E}.Release|Any CPU.ActiveCfg = Release|Any CPU
		{0B0B497C-DC63-48D3-81F6-B3EDD007139E}.Release|Any CPU.Build.0 = Release|Any CPU
		{76915AF7-58B8-4029-B3BD-E0D25C43066C}.Debug|Any CPU.ActiveCfg = Debug|Any CPU
		{76915AF7-58B8-4029-B3BD-E0D25C43066C}.Debug|Any CPU.Build.0 = Debug|Any CPU
		{76915AF7-58B8-4029-B3BD-E0D25C43066C}.Release|Any CPU.ActiveCfg = Release|Any CPU
		{76915AF7-58B8-4029-B3BD-E0D25C43066C}.Release|Any CPU.Build.0 = Release|Any CPU
		{ADDCCA6C-1D69-4D47-85D3-6C809528293E}.Debug|Any CPU.ActiveCfg = Debug|Any CPU
		{ADDCCA6C-1D69-4D47-85D3-6C809528293E}.Debug|Any CPU.Build.0 = Debug|Any CPU
		{ADDCCA6C-1D69-4D47-85D3-6C809528293E}.Release|Any CPU.ActiveCfg = Release|Any CPU
		{ADDCCA6C-1D69-4D47-85D3-6C809528293E}.Release|Any CPU.Build.0 = Release|Any CPU
	EndGlobalSection
	GlobalSection(SolutionProperties) = preSolution
		HideSolutionNode = FALSE
	EndGlobalSection
	GlobalSection(ExtensibilityGlobals) = postSolution
		SolutionGuid = {13B36151-B990-44A6-AA43-DB91BD7ED324}
	EndGlobalSection
EndGlobal
