
Microsoft Visual Studio Solution File, Format Version 12.00
# Visual Studio Version 17
VisualStudioVersion = 17.10.35013.160
MinimumVisualStudioVersion = 10.0.40219.1
Project("{9A19103F-16F7-4668-BE54-9A1E7A4F7556}") = "Wuno.Domain", "wuno.domain\Wuno.Domain.csproj", "{0A5C41E2-A23B-423E-AF14-75D0EAE34BE7}"
EndProject
Project("{9A19103F-16F7-4668-BE54-9A1E7A4F7556}") = "Wuno.Application", "wuno.application\Wuno.Application.csproj", "{0B0B497C-DC63-48D3-81F6-B3EDD007139E}"
	ProjectSection(ProjectDependencies) = postProject
		{0A5C41E2-A23B-423E-AF14-75D0EAE34BE7} = {0A5C41E2-A23B-423E-AF14-75D0EAE34BE7}
		{76915AF7-58B8-4029-B3BD-E0D25C43066C} = {76915AF7-58B8-4029-B3BD-E0D25C43066C}
	EndProjectSection
EndProject
Project("{9A19103F-16F7-4668-BE54-9A1E7A4F7556}") = "Wuno.Infrastructure", "wuno.infrastructure\Wuno.Infrastructure.csproj", "{76915AF7-58B8-4029-B3BD-E0D25C43066C}"
	ProjectSection(ProjectDependencies) = postProject
		{0A5C41E2-A23B-423E-AF14-75D0EAE34BE7} = {0A5C41E2-A23B-423E-AF14-75D0EAE34BE7}
	EndProjectSection
EndProject
Project("{9A19103F-16F7-4668-BE54-9A1E7A4F7556}") = "Wuno.Api", "wuno.api\Wuno.Api.csproj", "{ADDCCA6C-1D69-4D47-85D3-6C809528293E}"
	ProjectSection(ProjectDependencies) = postProject
		{0B0B497C-DC63-48D3-81F6-B3EDD007139E} = {0B0B497C-DC63-48D3-81F6-B3EDD007139E}
		{76915AF7-58B8-4029-B3BD-E0D25C43066C} = {76915AF7-58B8-4029-B3BD-E0D25C43066C}
	EndProjectSection
EndProject
Project("{2150E333-8FDC-42A3-9474-1A3956D46DE8}") = "Solution Items", "Solution Items", "{EF144D82-799A-41EC-838C-FDF77AA08815}"
	ProjectSection(SolutionItems) = preProject
		todo.txt = todo.txt
	EndProjectSection
EndProject
Project("{54A90642-561A-4BB1-A94E-469ADEE60C69}") = "wuno.client", "Wuno.Client\wuno.client.esproj", "{F1BF6C5D-9593-4F3A-8EAF-BA83E94818C8}"
EndProject
Project("{2150E333-8FDC-42A3-9474-1A3956D46DE8}") = "Tests", "Tests", "{02EA681E-C7D8-13C7-8484-4AC65E1B71E8}"
EndProject
Project("{FAE04EC0-301F-11D3-BF4B-00C04F79EFBC}") = "Wuno.Application.Tests", "Wuno.Application.Tests\Wuno.Application.Tests.csproj", "{E5C60057-324C-4BAA-A1FB-A528E09AF72C}"
	ProjectSection(ProjectDependencies) = postProject
		{0B0B497C-DC63-48D3-81F6-B3EDD007139E} = {0B0B497C-DC63-48D3-81F6-B3EDD007139E}
	EndProjectSection
EndProject
Project("{FAE04EC0-301F-11D3-BF4B-00C04F79EFBC}") = "Wuno.Api.Tests", "Wuno.Api.Tests\Wuno.Api.Tests.csproj", "{099C19B0-1FC6-44C4-BE4B-605EE85E3369}"
	ProjectSection(ProjectDependencies) = postProject
		{ADDCCA6C-1D69-4D47-85D3-6C809528293E} = {ADDCCA6C-1D69-4D47-85D3-6C809528293E}
	EndProjectSection
EndProject
Project("{FAE04EC0-301F-11D3-BF4B-00C04F79EFBC}") = "Wuno.Domain.Tests", "Wuno.Domain.Tests\Wuno.Domain.Tests.csproj", "{6D7EA8A1-14A8-4D57-86AA-9D82F16CE2DD}"
	ProjectSection(ProjectDependencies) = postProject
		{0A5C41E2-A23B-423E-AF14-75D0EAE34BE7} = {0A5C41E2-A23B-423E-AF14-75D0EAE34BE7}
	EndProjectSection
EndProject
Project("{FAE04EC0-301F-11D3-BF4B-00C04F79EFBC}") = "Wuno.Testing", "Wuno.Testing\Wuno.Testing.csproj", "{71FFC7A1-357E-48E8-B28A-23A325564357}"
EndProject
Global
	GlobalSection(SolutionConfigurationPlatforms) = preSolution
		Debug|Any CPU = Debug|Any CPU
		Release|Any CPU = Release|Any CPU
	EndGlobalSection
	GlobalSection(ProjectConfigurationPlatforms) = postSolution
		{0A5C41E2-A23B-423E-AF14-75D0EAE34BE7}.Debug|Any CPU.ActiveCfg = Debug|Any CPU
		{0A5C41E2-A23B-423E-AF14-75D0EAE34BE7}.Debug|Any CPU.Build.0 = Debug|Any CPU
		{0A5C41E2-A23B-423E-AF14-75D0EAE34BE7}.Release|Any CPU.ActiveCfg = Release|Any CPU
		{0A5C41E2-A23B-423E-AF14-75D0EAE34BE7}.Release|Any CPU.Build.0 = Release|Any CPU
		{0B0B497C-DC63-48D3-81F6-B3EDD007139E}.Debug|Any CPU.ActiveCfg = Debug|Any CPU
		{0B0B497C-DC63-48D3-81F6-B3EDD007139E}.Debug|Any CPU.Build.0 = Debug|Any CPU
		{0B0B497C-DC63-48D3-81F6-B3EDD007139E}.Release|Any CPU.ActiveCfg = Release|Any CPU
		{0B0B497C-DC63-48D3-81F6-B3EDD007139E}.Release|Any CPU.Build.0 = Release|Any CPU
		{76915AF7-58B8-4029-B3BD-E0D25C43066C}.Debug|Any CPU.ActiveCfg = Debug|Any CPU
		{76915AF7-58B8-4029-B3BD-E0D25C43066C}.Debug|Any CPU.Build.0 = Debug|Any CPU
		{76915AF7-58B8-4029-B3BD-E0D25C43066C}.Release|Any CPU.ActiveCfg = Release|Any CPU
		{76915AF7-58B8-4029-B3BD-E0D25C43066C}.Release|Any CPU.Build.0 = Release|Any CPU
		{ADDCCA6C-1D69-4D47-85D3-6C809528293E}.Debug|Any CPU.ActiveCfg = Debug|Any CPU
		{ADDCCA6C-1D69-4D47-85D3-6C809528293E}.Debug|Any CPU.Build.0 = Debug|Any CPU
		{ADDCCA6C-1D69-4D47-85D3-6C809528293E}.Release|Any CPU.ActiveCfg = Release|Any CPU
		{ADDCCA6C-1D69-4D47-85D3-6C809528293E}.Release|Any CPU.Build.0 = Release|Any CPU
		{F1BF6C5D-9593-4F3A-8EAF-BA83E94818C8}.Debug|Any CPU.ActiveCfg = Debug|Any CPU
		{F1BF6C5D-9593-4F3A-8EAF-BA83E94818C8}.Debug|Any CPU.Build.0 = Debug|Any CPU
		{F1BF6C5D-9593-4F3A-8EAF-BA83E94818C8}.Debug|Any CPU.Deploy.0 = Debug|Any CPU
		{F1BF6C5D-9593-4F3A-8EAF-BA83E94818C8}.Release|Any CPU.ActiveCfg = Release|Any CPU
		{F1BF6C5D-9593-4F3A-8EAF-BA83E94818C8}.Release|Any CPU.Build.0 = Release|Any CPU
		{F1BF6C5D-9593-4F3A-8EAF-BA83E94818C8}.Release|Any CPU.Deploy.0 = Release|Any CPU
		{E5C60057-324C-4BAA-A1FB-A528E09AF72C}.Debug|Any CPU.ActiveCfg = Debug|Any CPU
		{E5C60057-324C-4BAA-A1FB-A528E09AF72C}.Debug|Any CPU.Build.0 = Debug|Any CPU
		{E5C60057-324C-4BAA-A1FB-A528E09AF72C}.Release|Any CPU.ActiveCfg = Release|Any CPU
		{E5C60057-324C-4BAA-A1FB-A528E09AF72C}.Release|Any CPU.Build.0 = Release|Any CPU
		{099C19B0-1FC6-44C4-BE4B-605EE85E3369}.Debug|Any CPU.ActiveCfg = Debug|Any CPU
		{099C19B0-1FC6-44C4-BE4B-605EE85E3369}.Debug|Any CPU.Build.0 = Debug|Any CPU
		{099C19B0-1FC6-44C4-BE4B-605EE85E3369}.Release|Any CPU.ActiveCfg = Release|Any CPU
		{099C19B0-1FC6-44C4-BE4B-605EE85E3369}.Release|Any CPU.Build.0 = Release|Any CPU
		{6D7EA8A1-14A8-4D57-86AA-9D82F16CE2DD}.Debug|Any CPU.ActiveCfg = Debug|Any CPU
		{6D7EA8A1-14A8-4D57-86AA-9D82F16CE2DD}.Debug|Any CPU.Build.0 = Debug|Any CPU
		{6D7EA8A1-14A8-4D57-86AA-9D82F16CE2DD}.Release|Any CPU.ActiveCfg = Release|Any CPU
		{6D7EA8A1-14A8-4D57-86AA-9D82F16CE2DD}.Release|Any CPU.Build.0 = Release|Any CPU
					{71FFC7A1-357E-48E8-B28A-23A325564357}.Debug|Any CPU.ActiveCfg = Debug|Any CPU
				{71FFC7A1-357E-48E8-B28A-23A325564357}.Debug|Any CPU.Build.0 = Debug|Any CPU
				{71FFC7A1-357E-48E8-B28A-23A325564357}.Release|Any CPU.ActiveCfg = Release|Any CPU
				{71FFC7A1-357E-48E8-B28A-23A325564357}.Release|Any CPU.Build.0 = Release|Any CPU
EndGlobalSection
	GlobalSection(SolutionProperties) = preSolution
		HideSolutionNode = FALSE
	EndGlobalSection
	GlobalSection(NestedProjects) = preSolution
		{E5C60057-324C-4BAA-A1FB-A528E09AF72C} = {02EA681E-C7D8-13C7-8484-4AC65E1B71E8}
		{099C19B0-1FC6-44C4-BE4B-605EE85E3369} = {02EA681E-C7D8-13C7-8484-4AC65E1B71E8}
		{6D7EA8A1-14A8-4D57-86AA-9D82F16CE2DD} = {02EA681E-C7D8-13C7-8484-4AC65E1B71E8}
					{71FFC7A1-357E-48E8-B28A-23A325564357} = {02EA681E-C7D8-13C7-8484-4AC65E1B71E8}
EndGlobalSection
	GlobalSection(ExtensibilityGlobals) = postSolution
		SolutionGuid = {13B36151-B990-44A6-AA43-DB91BD7ED324}
	EndGlobalSection
EndGlobal
